
Microsoft Visual Studio Solution File, Format Version 12.00
# Visual Studio Version 16
VisualStudioVersion = 16.0.29424.173
MinimumVisualStudioVersion = 10.0.40219.1
Project("{FAE04EC0-301F-11D3-BF4B-00C04F79EFBC}") = "Rhisis.Packet2Markdown", "Rhisis.Packet2Markdown\Rhisis.Packet2Markdown.csproj", "{7D9F4D10-320A-48DB-A052-2DDD15ED4B7C}"
EndProject
Global
	GlobalSection(SolutionConfigurationPlatforms) = preSolution
		Debug|Any CPU = Debug|Any CPU
		Release|Any CPU = Release|Any CPU
	EndGlobalSection
	GlobalSection(ProjectConfigurationPlatforms) = postSolution
		{7D9F4D10-320A-48DB-A052-2DDD15ED4B7C}.Debug|Any CPU.ActiveCfg = Debug|Any CPU
		{7D9F4D10-320A-48DB-A052-2DDD15ED4B7C}.Debug|Any CPU.Build.0 = Debug|Any CPU
		{7D9F4D10-320A-48DB-A052-2DDD15ED4B7C}.Release|Any CPU.ActiveCfg = Release|Any CPU
		{7D9F4D10-320A-48DB-A052-2DDD15ED4B7C}.Release|Any CPU.Build.0 = Release|Any CPU
	EndGlobalSection
	GlobalSection(SolutionProperties) = preSolution
		HideSolutionNode = FALSE
	EndGlobalSection
	GlobalSection(ExtensibilityGlobals) = postSolution
		SolutionGuid = {6E4BBC3D-4DC4-4A1F-AE59-A744D12611E5}
	EndGlobalSection
EndGlobal
